
Microsoft Visual Studio Solution File, Format Version 12.00
# Visual Studio Version 16
VisualStudioVersion = 16.0.31624.102
MinimumVisualStudioVersion = 10.0.40219.1
Project("{FAE04EC0-301F-11D3-BF4B-00C04F79EFBC}") = "ArrOfClassObjs", "ArrOfClassObjs\ArrOfClassObjs.csproj", "{D17CFF0D-8664-4AD6-9FDA-836B7A464009}"
EndProject
Global
	GlobalSection(SolutionConfigurationPlatforms) = preSolution
		Debug|Any CPU = Debug|Any CPU
		Release|Any CPU = Release|Any CPU
	EndGlobalSection
	GlobalSection(ProjectConfigurationPlatforms) = postSolution
		{D17CFF0D-8664-4AD6-9FDA-836B7A464009}.Debug|Any CPU.ActiveCfg = Debug|Any CPU
		{D17CFF0D-8664-4AD6-9FDA-836B7A464009}.Debug|Any CPU.Build.0 = Debug|Any CPU
		{D17CFF0D-8664-4AD6-9FDA-836B7A464009}.Release|Any CPU.ActiveCfg = Release|Any CPU
		{D17CFF0D-8664-4AD6-9FDA-836B7A464009}.Release|Any CPU.Build.0 = Release|Any CPU
	EndGlobalSection
	GlobalSection(SolutionProperties) = preSolution
		HideSolutionNode = FALSE
	EndGlobalSection
	GlobalSection(ExtensibilityGlobals) = postSolution
		SolutionGuid = {F6D73944-0057-401B-85B5-1527E2DE6249}
	EndGlobalSection
EndGlobal
